
Microsoft Visual Studio Solution File, Format Version 12.00
# Visual Studio Version 17
VisualStudioVersion = 17.13.35913.81 d17.13
MinimumVisualStudioVersion = 10.0.40219.1
Project("{FAE04EC0-301F-11D3-BF4B-00C04F79EFBC}") = "frmNhapHang", "frmNhapHang.csproj", "{E82655E7-9645-4AAA-B01A-6680411CC584}"
EndProject
Project("{2150E333-8FDC-42A3-9474-1A3956D46DE8}") = "Solution Items", "Solution Items", "{8EC462FD-D22E-90A8-E5CE-7E832BA40C5D}"
EndProject
Global
	GlobalSection(SolutionConfigurationPlatforms) = preSolution
		Debug|Any CPU = Debug|Any CPU
		Release|Any CPU = Release|Any CPU
	EndGlobalSection
	GlobalSection(ProjectConfigurationPlatforms) = postSolution
		{E82655E7-9645-4AAA-B01A-6680411CC584}.Debug|Any CPU.ActiveCfg = Debug|Any CPU
		{E82655E7-9645-4AAA-B01A-6680411CC584}.Debug|Any CPU.Build.0 = Debug|Any CPU
		{E82655E7-9645-4AAA-B01A-6680411CC584}.Release|Any CPU.ActiveCfg = Release|Any CPU
		{E82655E7-9645-4AAA-B01A-6680411CC584}.Release|Any CPU.Build.0 = Release|Any CPU
	EndGlobalSection
	GlobalSection(SolutionProperties) = preSolution
		HideSolutionNode = FALSE
	EndGlobalSection
	GlobalSection(ExtensibilityGlobals) = postSolution
		SolutionGuid = {1C3BC0A2-A63A-43F6-B3FF-6790FC5F1A97}
	EndGlobalSection
EndGlobal
